// !$*UTF8*$!
{
	archiveVersion = 1;
	classes = {
	};
	objectVersion = 50;
	objects = {

/* Begin PBXBuildFile section */
		4725147721D496F800E63D82 /* firstViewController.swift in Sources */ = {isa = PBXBuildFile; fileRef = 4725147621D496F800E63D82 /* firstViewController.swift */; };
		4731FA3C21C6B021001F035F /* dateValueClass.swift in Sources */ = {isa = PBXBuildFile; fileRef = 4731FA3B21C6B021001F035F /* dateValueClass.swift */; };
		4731FA3E21D1528B001F035F /* alertClass.swift in Sources */ = {isa = PBXBuildFile; fileRef = 4731FA3D21D1528B001F035F /* alertClass.swift */; };
		475CCC62220E8E7F0058C57F /* en.png in Resources */ = {isa = PBXBuildFile; fileRef = 475CCC61220E8E7E0058C57F /* en.png */; };
		475CCC64220E9DF40058C57F /* UI.swift in Sources */ = {isa = PBXBuildFile; fileRef = 475CCC63220E9DF40058C57F /* UI.swift */; };
		475CCC68221394F60058C57F /* uploadItem.swift in Sources */ = {isa = PBXBuildFile; fileRef = 475CCC67221394F60058C57F /* uploadItem.swift */; };
		47867B9621B43A00009E2654 /* AppDelegate.swift in Sources */ = {isa = PBXBuildFile; fileRef = 47867B9521B43A00009E2654 /* AppDelegate.swift */; };
		47867B9821B43A00009E2654 /* ViewController.swift in Sources */ = {isa = PBXBuildFile; fileRef = 47867B9721B43A00009E2654 /* ViewController.swift */; };
		47867B9B21B43A00009E2654 /* Main.storyboard in Resources */ = {isa = PBXBuildFile; fileRef = 47867B9921B43A00009E2654 /* Main.storyboard */; };
		47867B9D21B43A01009E2654 /* Assets.xcassets in Resources */ = {isa = PBXBuildFile; fileRef = 47867B9C21B43A01009E2654 /* Assets.xcassets */; };
		47867BA021B43A01009E2654 /* LaunchScreen.storyboard in Resources */ = {isa = PBXBuildFile; fileRef = 47867B9E21B43A01009E2654 /* LaunchScreen.storyboard */; };
		47867BAB21B43A01009E2654 /* TheWork1Tests.swift in Sources */ = {isa = PBXBuildFile; fileRef = 47867BAA21B43A01009E2654 /* TheWork1Tests.swift */; };
		47867BB621B43A01009E2654 /* TheWork1UITests.swift in Sources */ = {isa = PBXBuildFile; fileRef = 47867BB521B43A01009E2654 /* TheWork1UITests.swift */; };
		47867BC421B43B13009E2654 /* CustomCell.swift in Sources */ = {isa = PBXBuildFile; fileRef = 47867BC321B43B13009E2654 /* CustomCell.swift */; };
		47867BD021B59373009E2654 /* screen.png in Resources */ = {isa = PBXBuildFile; fileRef = 47867BCF21B59372009E2654 /* screen.png */; };
		47867C1821C42B89009E2654 /* zako.mp3 in Resources */ = {isa = PBXBuildFile; fileRef = 47867C1721C42B89009E2654 /* zako.mp3 */; };
		47867C1E21C433D4009E2654 /* plans.swift in Sources */ = {isa = PBXBuildFile; fileRef = 47867C1D21C433D4009E2654 /* plans.swift */; };
		4795920D21F0787500245889 /* onlineViewController.swift in Sources */ = {isa = PBXBuildFile; fileRef = 4795920C21F0787500245889 /* onlineViewController.swift */; };
		47A057C721F5F02A00500DF6 /* uploadViewController.swift in Sources */ = {isa = PBXBuildFile; fileRef = 47A057C621F5F02A00500DF6 /* uploadViewController.swift */; };
		47C21BDD221F6A0D00A93322 /* masao.mp3 in Resources */ = {isa = PBXBuildFile; fileRef = 47C21BDC221F6A0C00A93322 /* masao.mp3 */; };
		47E5393E2205A0A700244567 /* networkState.swift in Sources */ = {isa = PBXBuildFile; fileRef = 47E5393D2205A0A700244567 /* networkState.swift */; };
		47E5394022094FAB00244567 /* downloadViewController.swift in Sources */ = {isa = PBXBuildFile; fileRef = 47E5393F22094FAB00244567 /* downloadViewController.swift */; };
		A1ADAB53E605764103ED4942 /* Pods_TheWork1.framework in Frameworks */ = {isa = PBXBuildFile; fileRef = 13C2245B1E873D532CB9645C /* Pods_TheWork1.framework */; };
/* End PBXBuildFile section */

/* Begin PBXContainerItemProxy section */
		47867BA721B43A01009E2654 /* PBXContainerItemProxy */ = {
			isa = PBXContainerItemProxy;
			containerPortal = 47867B8A21B43A00009E2654 /* Project object */;
			proxyType = 1;
			remoteGlobalIDString = 47867B9121B43A00009E2654;
			remoteInfo = TheWork1;
		};
		47867BB221B43A01009E2654 /* PBXContainerItemProxy */ = {
			isa = PBXContainerItemProxy;
			containerPortal = 47867B8A21B43A00009E2654 /* Project object */;
			proxyType = 1;
			remoteGlobalIDString = 47867B9121B43A00009E2654;
			remoteInfo = TheWork1;
		};
/* End PBXContainerItemProxy section */

/* Begin PBXFileReference section */
		13C2245B1E873D532CB9645C /* Pods_TheWork1.framework */ = {isa = PBXFileReference; explicitFileType = wrapper.framework; includeInIndex = 0; path = Pods_TheWork1.framework; sourceTree = BUILT_PRODUCTS_DIR; };
		2C92F5C4D6848914DF93ECFD /* Pods-TheWork1.debug.xcconfig */ = {isa = PBXFileReference; includeInIndex = 1; lastKnownFileType = text.xcconfig; name = "Pods-TheWork1.debug.xcconfig"; path = "Pods/Target Support Files/Pods-TheWork1/Pods-TheWork1.debug.xcconfig"; sourceTree = "<group>"; };
		4725147621D496F800E63D82 /* firstViewController.swift */ = {isa = PBXFileReference; lastKnownFileType = sourcecode.swift; path = firstViewController.swift; sourceTree = "<group>"; };
		4731FA3B21C6B021001F035F /* dateValueClass.swift */ = {isa = PBXFileReference; lastKnownFileType = sourcecode.swift; path = dateValueClass.swift; sourceTree = "<group>"; };
		4731FA3D21D1528B001F035F /* alertClass.swift */ = {isa = PBXFileReference; lastKnownFileType = sourcecode.swift; path = alertClass.swift; sourceTree = "<group>"; };
		475CCC61220E8E7E0058C57F /* en.png */ = {isa = PBXFileReference; lastKnownFileType = image.png; path = en.png; sourceTree = "<group>"; };
		475CCC63220E9DF40058C57F /* UI.swift */ = {isa = PBXFileReference; lastKnownFileType = sourcecode.swift; path = UI.swift; sourceTree = "<group>"; };
		475CCC67221394F60058C57F /* uploadItem.swift */ = {isa = PBXFileReference; lastKnownFileType = sourcecode.swift; path = uploadItem.swift; sourceTree = "<group>"; };
		47867B9221B43A00009E2654 /* TheWork1.app */ = {isa = PBXFileReference; explicitFileType = wrapper.application; includeInIndex = 0; path = TheWork1.app; sourceTree = BUILT_PRODUCTS_DIR; };
		47867B9521B43A00009E2654 /* AppDelegate.swift */ = {isa = PBXFileReference; lastKnownFileType = sourcecode.swift; path = AppDelegate.swift; sourceTree = "<group>"; };
		47867B9721B43A00009E2654 /* ViewController.swift */ = {isa = PBXFileReference; lastKnownFileType = sourcecode.swift; path = ViewController.swift; sourceTree = "<group>"; };
		47867B9A21B43A00009E2654 /* Base */ = {isa = PBXFileReference; lastKnownFileType = file.storyboard; name = Base; path = Base.lproj/Main.storyboard; sourceTree = "<group>"; };
		47867B9C21B43A01009E2654 /* Assets.xcassets */ = {isa = PBXFileReference; lastKnownFileType = folder.assetcatalog; path = Assets.xcassets; sourceTree = "<group>"; };
		47867B9F21B43A01009E2654 /* Base */ = {isa = PBXFileReference; lastKnownFileType = file.storyboard; name = Base; path = Base.lproj/LaunchScreen.storyboard; sourceTree = "<group>"; };
		47867BA121B43A01009E2654 /* Info.plist */ = {isa = PBXFileReference; lastKnownFileType = text.plist.xml; path = Info.plist; sourceTree = "<group>"; };
		47867BA621B43A01009E2654 /* TheWork1Tests.xctest */ = {isa = PBXFileReference; explicitFileType = wrapper.cfbundle; includeInIndex = 0; path = TheWork1Tests.xctest; sourceTree = BUILT_PRODUCTS_DIR; };
		47867BAA21B43A01009E2654 /* TheWork1Tests.swift */ = {isa = PBXFileReference; lastKnownFileType = sourcecode.swift; path = TheWork1Tests.swift; sourceTree = "<group>"; };
		47867BAC21B43A01009E2654 /* Info.plist */ = {isa = PBXFileReference; lastKnownFileType = text.plist.xml; path = Info.plist; sourceTree = "<group>"; };
		47867BB121B43A01009E2654 /* TheWork1UITests.xctest */ = {isa = PBXFileReference; explicitFileType = wrapper.cfbundle; includeInIndex = 0; path = TheWork1UITests.xctest; sourceTree = BUILT_PRODUCTS_DIR; };
		47867BB521B43A01009E2654 /* TheWork1UITests.swift */ = {isa = PBXFileReference; lastKnownFileType = sourcecode.swift; path = TheWork1UITests.swift; sourceTree = "<group>"; };
		47867BB721B43A01009E2654 /* Info.plist */ = {isa = PBXFileReference; lastKnownFileType = text.plist.xml; path = Info.plist; sourceTree = "<group>"; };
		47867BC321B43B13009E2654 /* CustomCell.swift */ = {isa = PBXFileReference; lastKnownFileType = sourcecode.swift; path = CustomCell.swift; sourceTree = "<group>"; };
		47867BCF21B59372009E2654 /* screen.png */ = {isa = PBXFileReference; lastKnownFileType = image.png; name = screen.png; path = /Users/umeume/Desktop/TheWork1/TheWork1/screen.png; sourceTree = "<absolute>"; };
		47867C1721C42B89009E2654 /* zako.mp3 */ = {isa = PBXFileReference; lastKnownFileType = audio.mp3; path = zako.mp3; sourceTree = "<group>"; };
		47867C1D21C433D4009E2654 /* plans.swift */ = {isa = PBXFileReference; lastKnownFileType = sourcecode.swift; path = plans.swift; sourceTree = "<group>"; };
		4795920C21F0787500245889 /* onlineViewController.swift */ = {isa = PBXFileReference; lastKnownFileType = sourcecode.swift; name = onlineViewController.swift; path = /Users/umeume/Desktop/TheWork1/TheWork1/onlineViewController.swift; sourceTree = "<absolute>"; };
		47A057C621F5F02A00500DF6 /* uploadViewController.swift */ = {isa = PBXFileReference; lastKnownFileType = sourcecode.swift; path = uploadViewController.swift; sourceTree = "<group>"; };
		47C21BDC221F6A0C00A93322 /* masao.mp3 */ = {isa = PBXFileReference; lastKnownFileType = audio.mp3; path = masao.mp3; sourceTree = "<group>"; };
		47E5393D2205A0A700244567 /* networkState.swift */ = {isa = PBXFileReference; lastKnownFileType = sourcecode.swift; path = networkState.swift; sourceTree = "<group>"; };
		47E5393F22094FAB00244567 /* downloadViewController.swift */ = {isa = PBXFileReference; lastKnownFileType = sourcecode.swift; name = downloadViewController.swift; path = /Users/umeume/Desktop/TheWork1/TheWork1/downloadViewController.swift; sourceTree = "<absolute>"; };
		DE8ED98FEC00F9AB820D20E8 /* Pods-TheWork1.release.xcconfig */ = {isa = PBXFileReference; includeInIndex = 1; lastKnownFileType = text.xcconfig; name = "Pods-TheWork1.release.xcconfig"; path = "Pods/Target Support Files/Pods-TheWork1/Pods-TheWork1.release.xcconfig"; sourceTree = "<group>"; };
/* End PBXFileReference section */

/* Begin PBXFrameworksBuildPhase section */
		47867B8F21B43A00009E2654 /* Frameworks */ = {
			isa = PBXFrameworksBuildPhase;
			buildActionMask = 2147483647;
			files = (
				A1ADAB53E605764103ED4942 /* Pods_TheWork1.framework in Frameworks */,
			);
			runOnlyForDeploymentPostprocessing = 0;
		};
		47867BA321B43A01009E2654 /* Frameworks */ = {
			isa = PBXFrameworksBuildPhase;
			buildActionMask = 2147483647;
			files = (
			);
			runOnlyForDeploymentPostprocessing = 0;
		};
		47867BAE21B43A01009E2654 /* Frameworks */ = {
			isa = PBXFrameworksBuildPhase;
			buildActionMask = 2147483647;
			files = (
			);
			runOnlyForDeploymentPostprocessing = 0;
		};
/* End PBXFrameworksBuildPhase section */

/* Begin PBXGroup section */
		47867B8921B43A00009E2654 = {
			isa = PBXGroup;
			children = (
				47867B9421B43A00009E2654 /* TheWork1 */,
				47867BA921B43A01009E2654 /* TheWork1Tests */,
				47867BB421B43A01009E2654 /* TheWork1UITests */,
				47867B9321B43A00009E2654 /* Products */,
				6E2B1EC370266C3E37B36113 /* Pods */,
				A19A7AE9EF1E87B91883F3BE /* Frameworks */,
			);
			sourceTree = "<group>";
		};
		47867B9321B43A00009E2654 /* Products */ = {
			isa = PBXGroup;
			children = (
				47867B9221B43A00009E2654 /* TheWork1.app */,
				47867BA621B43A01009E2654 /* TheWork1Tests.xctest */,
				47867BB121B43A01009E2654 /* TheWork1UITests.xctest */,
			);
			name = Products;
			sourceTree = "<group>";
		};
		47867B9421B43A00009E2654 /* TheWork1 */ = {
			isa = PBXGroup;
			children = (
				47867B9521B43A00009E2654 /* AppDelegate.swift */,
				47867BCF21B59372009E2654 /* screen.png */,
				475CCC61220E8E7E0058C57F /* en.png */,
				47867B9721B43A00009E2654 /* ViewController.swift */,
				47E5393D2205A0A700244567 /* networkState.swift */,
				47A057C621F5F02A00500DF6 /* uploadViewController.swift */,
				475CCC67221394F60058C57F /* uploadItem.swift */,
				47C21BDC221F6A0C00A93322 /* masao.mp3 */,
				47E5393F22094FAB00244567 /* downloadViewController.swift */,
				4795920C21F0787500245889 /* onlineViewController.swift */,
				4731FA3B21C6B021001F035F /* dateValueClass.swift */,
				4731FA3D21D1528B001F035F /* alertClass.swift */,
				47867C1721C42B89009E2654 /* zako.mp3 */,
				47867C1D21C433D4009E2654 /* plans.swift */,
				47867B9921B43A00009E2654 /* Main.storyboard */,
				475CCC63220E9DF40058C57F /* UI.swift */,
				4725147621D496F800E63D82 /* firstViewController.swift */,
				47867BC321B43B13009E2654 /* CustomCell.swift */,
				47867B9C21B43A01009E2654 /* Assets.xcassets */,
				47867B9E21B43A01009E2654 /* LaunchScreen.storyboard */,
				47867BA121B43A01009E2654 /* Info.plist */,
			);
			path = TheWork1;
			sourceTree = "<group>";
		};
		47867BA921B43A01009E2654 /* TheWork1Tests */ = {
			isa = PBXGroup;
			children = (
				47867BAA21B43A01009E2654 /* TheWork1Tests.swift */,
				47867BAC21B43A01009E2654 /* Info.plist */,
			);
			path = TheWork1Tests;
			sourceTree = "<group>";
		};
		47867BB421B43A01009E2654 /* TheWork1UITests */ = {
			isa = PBXGroup;
			children = (
				47867BB521B43A01009E2654 /* TheWork1UITests.swift */,
				47867BB721B43A01009E2654 /* Info.plist */,
			);
			path = TheWork1UITests;
			sourceTree = "<group>";
		};
		6E2B1EC370266C3E37B36113 /* Pods */ = {
			isa = PBXGroup;
			children = (
				2C92F5C4D6848914DF93ECFD /* Pods-TheWork1.debug.xcconfig */,
				DE8ED98FEC00F9AB820D20E8 /* Pods-TheWork1.release.xcconfig */,
			);
			name = Pods;
			sourceTree = "<group>";
		};
		A19A7AE9EF1E87B91883F3BE /* Frameworks */ = {
			isa = PBXGroup;
			children = (
				13C2245B1E873D532CB9645C /* Pods_TheWork1.framework */,
			);
			name = Frameworks;
			sourceTree = "<group>";
		};
/* End PBXGroup section */

/* Begin PBXNativeTarget section */
		47867B9121B43A00009E2654 /* TheWork1 */ = {
			isa = PBXNativeTarget;
			buildConfigurationList = 47867BBA21B43A01009E2654 /* Build configuration list for PBXNativeTarget "TheWork1" */;
			buildPhases = (
				DDCC7FAE6D771C2DA0071FE5 /* [CP] Check Pods Manifest.lock */,
				47867B8E21B43A00009E2654 /* Sources */,
				47867B8F21B43A00009E2654 /* Frameworks */,
				47867B9021B43A00009E2654 /* Resources */,
				F4E352A78B525DEBAA1AFB58 /* [CP] Embed Pods Frameworks */,
			);
			buildRules = (
			);
			dependencies = (
			);
			name = TheWork1;
			productName = TheWork1;
			productReference = 47867B9221B43A00009E2654 /* TheWork1.app */;
			productType = "com.apple.product-type.application";
		};
		47867BA521B43A01009E2654 /* TheWork1Tests */ = {
			isa = PBXNativeTarget;
			buildConfigurationList = 47867BBD21B43A01009E2654 /* Build configuration list for PBXNativeTarget "TheWork1Tests" */;
			buildPhases = (
				47867BA221B43A01009E2654 /* Sources */,
				47867BA321B43A01009E2654 /* Frameworks */,
				47867BA421B43A01009E2654 /* Resources */,
			);
			buildRules = (
			);
			dependencies = (
				47867BA821B43A01009E2654 /* PBXTargetDependency */,
			);
			name = TheWork1Tests;
			productName = TheWork1Tests;
			productReference = 47867BA621B43A01009E2654 /* TheWork1Tests.xctest */;
			productType = "com.apple.product-type.bundle.unit-test";
		};
		47867BB021B43A01009E2654 /* TheWork1UITests */ = {
			isa = PBXNativeTarget;
			buildConfigurationList = 47867BC021B43A01009E2654 /* Build configuration list for PBXNativeTarget "TheWork1UITests" */;
			buildPhases = (
				47867BAD21B43A01009E2654 /* Sources */,
				47867BAE21B43A01009E2654 /* Frameworks */,
				47867BAF21B43A01009E2654 /* Resources */,
			);
			buildRules = (
			);
			dependencies = (
				47867BB321B43A01009E2654 /* PBXTargetDependency */,
			);
			name = TheWork1UITests;
			productName = TheWork1UITests;
			productReference = 47867BB121B43A01009E2654 /* TheWork1UITests.xctest */;
			productType = "com.apple.product-type.bundle.ui-testing";
		};
/* End PBXNativeTarget section */

/* Begin PBXProject section */
		47867B8A21B43A00009E2654 /* Project object */ = {
			isa = PBXProject;
			attributes = {
				LastSwiftUpdateCheck = 1010;
				LastUpgradeCheck = 1010;
				ORGANIZATIONNAME = "umeda yodai";
				TargetAttributes = {
					47867B9121B43A00009E2654 = {
						CreatedOnToolsVersion = 10.1;
						SystemCapabilities = {
							com.apple.BackgroundModes = {
								enabled = 1;
							};
						};
					};
					47867BA521B43A01009E2654 = {
						CreatedOnToolsVersion = 10.1;
						TestTargetID = 47867B9121B43A00009E2654;
					};
					47867BB021B43A01009E2654 = {
						CreatedOnToolsVersion = 10.1;
						TestTargetID = 47867B9121B43A00009E2654;
					};
				};
			};
			buildConfigurationList = 47867B8D21B43A00009E2654 /* Build configuration list for PBXProject "TheWork1" */;
			compatibilityVersion = "Xcode 9.3";
			developmentRegion = en;
			hasScannedForEncodings = 0;
			knownRegions = (
				en,
				Base,
			);
			mainGroup = 47867B8921B43A00009E2654;
			productRefGroup = 47867B9321B43A00009E2654 /* Products */;
			projectDirPath = "";
			projectRoot = "";
			targets = (
				47867B9121B43A00009E2654 /* TheWork1 */,
				47867BA521B43A01009E2654 /* TheWork1Tests */,
				47867BB021B43A01009E2654 /* TheWork1UITests */,
			);
		};
/* End PBXProject section */

/* Begin PBXResourcesBuildPhase section */
		47867B9021B43A00009E2654 /* Resources */ = {
			isa = PBXResourcesBuildPhase;
			buildActionMask = 2147483647;
			files = (
				47867BA021B43A01009E2654 /* LaunchScreen.storyboard in Resources */,
				47867C1821C42B89009E2654 /* zako.mp3 in Resources */,
				47C21BDD221F6A0D00A93322 /* masao.mp3 in Resources */,
				47867BD021B59373009E2654 /* screen.png in Resources */,
				47867B9D21B43A01009E2654 /* Assets.xcassets in Resources */,
				475CCC62220E8E7F0058C57F /* en.png in Resources */,
				47867B9B21B43A00009E2654 /* Main.storyboard in Resources */,
			);
			runOnlyForDeploymentPostprocessing = 0;
		};
		47867BA421B43A01009E2654 /* Resources */ = {
			isa = PBXResourcesBuildPhase;
			buildActionMask = 2147483647;
			files = (
			);
			runOnlyForDeploymentPostprocessing = 0;
		};
		47867BAF21B43A01009E2654 /* Resources */ = {
			isa = PBXResourcesBuildPhase;
			buildActionMask = 2147483647;
			files = (
			);
			runOnlyForDeploymentPostprocessing = 0;
		};
/* End PBXResourcesBuildPhase section */

/* Begin PBXShellScriptBuildPhase section */
		DDCC7FAE6D771C2DA0071FE5 /* [CP] Check Pods Manifest.lock */ = {
			isa = PBXShellScriptBuildPhase;
			buildActionMask = 2147483647;
			files = (
			);
			inputFileListPaths = (
			);
			inputPaths = (
				"${PODS_PODFILE_DIR_PATH}/Podfile.lock",
				"${PODS_ROOT}/Manifest.lock",
			);
			name = "[CP] Check Pods Manifest.lock";
			outputFileListPaths = (
			);
			outputPaths = (
				"$(DERIVED_FILE_DIR)/Pods-TheWork1-checkManifestLockResult.txt",
			);
			runOnlyForDeploymentPostprocessing = 0;
			shellPath = /bin/sh;
			shellScript = "diff \"${PODS_PODFILE_DIR_PATH}/Podfile.lock\" \"${PODS_ROOT}/Manifest.lock\" > /dev/null\nif [ $? != 0 ] ; then\n    # print error to STDERR\n    echo \"error: The sandbox is not in sync with the Podfile.lock. Run 'pod install' or update your CocoaPods installation.\" >&2\n    exit 1\nfi\n# This output is used by Xcode 'outputs' to avoid re-running this script phase.\necho \"SUCCESS\" > \"${SCRIPT_OUTPUT_FILE_0}\"\n";
			showEnvVarsInLog = 0;
		};
		F4E352A78B525DEBAA1AFB58 /* [CP] Embed Pods Frameworks */ = {
			isa = PBXShellScriptBuildPhase;
			buildActionMask = 2147483647;
			files = (
			);
			inputFileListPaths = (
			);
			inputPaths = (
				"${SRCROOT}/Pods/Target Support Files/Pods-TheWork1/Pods-TheWork1-frameworks.sh",
				"${BUILT_PRODUCTS_DIR}/Alamofire/Alamofire.framework",
				"${BUILT_PRODUCTS_DIR}/Eureka/Eureka.framework",
				"${BUILT_PRODUCTS_DIR}/HNToaster/HNToaster.framework",
				"${BUILT_PRODUCTS_DIR}/JTAppleCalendar/JTAppleCalendar.framework",
				"${BUILT_PRODUCTS_DIR}/ReachabilitySwift/Reachability.framework",
				"${BUILT_PRODUCTS_DIR}/Realm/Realm.framework",
				"${BUILT_PRODUCTS_DIR}/RealmSwift/RealmSwift.framework",
				"${BUILT_PRODUCTS_DIR}/SVProgressHUD/SVProgressHUD.framework",
				"${BUILT_PRODUCTS_DIR}/SwiftyJSON/SwiftyJSON.framework",
			);
			name = "[CP] Embed Pods Frameworks";
			outputFileListPaths = (
			);
			outputPaths = (
				"${TARGET_BUILD_DIR}/${FRAMEWORKS_FOLDER_PATH}/Alamofire.framework",
				"${TARGET_BUILD_DIR}/${FRAMEWORKS_FOLDER_PATH}/Eureka.framework",
				"${TARGET_BUILD_DIR}/${FRAMEWORKS_FOLDER_PATH}/HNToaster.framework",
				"${TARGET_BUILD_DIR}/${FRAMEWORKS_FOLDER_PATH}/JTAppleCalendar.framework",
				"${TARGET_BUILD_DIR}/${FRAMEWORKS_FOLDER_PATH}/Reachability.framework",
				"${TARGET_BUILD_DIR}/${FRAMEWORKS_FOLDER_PATH}/Realm.framework",
				"${TARGET_BUILD_DIR}/${FRAMEWORKS_FOLDER_PATH}/RealmSwift.framework",
				"${TARGET_BUILD_DIR}/${FRAMEWORKS_FOLDER_PATH}/SVProgressHUD.framework",
				"${TARGET_BUILD_DIR}/${FRAMEWORKS_FOLDER_PATH}/SwiftyJSON.framework",
			);
			runOnlyForDeploymentPostprocessing = 0;
			shellPath = /bin/sh;
			shellScript = "\"${SRCROOT}/Pods/Target Support Files/Pods-TheWork1/Pods-TheWork1-frameworks.sh\"\n";
			showEnvVarsInLog = 0;
		};
/* End PBXShellScriptBuildPhase section */

/* Begin PBXSourcesBuildPhase section */
		47867B8E21B43A00009E2654 /* Sources */ = {
			isa = PBXSourcesBuildPhase;
			buildActionMask = 2147483647;
			files = (
				47E5393E2205A0A700244567 /* networkState.swift in Sources */,
				4731FA3C21C6B021001F035F /* dateValueClass.swift in Sources */,
				47867B9821B43A00009E2654 /* ViewController.swift in Sources */,
				475CCC68221394F60058C57F /* uploadItem.swift in Sources */,
				4795920D21F0787500245889 /* onlineViewController.swift in Sources */,
				47867BC421B43B13009E2654 /* CustomCell.swift in Sources */,
				47A057C721F5F02A00500DF6 /* uploadViewController.swift in Sources */,
				4725147721D496F800E63D82 /* firstViewController.swift in Sources */,
				47867C1E21C433D4009E2654 /* plans.swift in Sources */,
				47867B9621B43A00009E2654 /* AppDelegate.swift in Sources */,
				475CCC64220E9DF40058C57F /* UI.swift in Sources */,
				47E5394022094FAB00244567 /* downloadViewController.swift in Sources */,
				4731FA3E21D1528B001F035F /* alertClass.swift in Sources */,
			);
			runOnlyForDeploymentPostprocessing = 0;
		};
		47867BA221B43A01009E2654 /* Sources */ = {
			isa = PBXSourcesBuildPhase;
			buildActionMask = 2147483647;
			files = (
				47867BAB21B43A01009E2654 /* TheWork1Tests.swift in Sources */,
			);
			runOnlyForDeploymentPostprocessing = 0;
		};
		47867BAD21B43A01009E2654 /* Sources */ = {
			isa = PBXSourcesBuildPhase;
			buildActionMask = 2147483647;
			files = (
				47867BB621B43A01009E2654 /* TheWork1UITests.swift in Sources */,
			);
			runOnlyForDeploymentPostprocessing = 0;
		};
/* End PBXSourcesBuildPhase section */

/* Begin PBXTargetDependency section */
		47867BA821B43A01009E2654 /* PBXTargetDependency */ = {
			isa = PBXTargetDependency;
			target = 47867B9121B43A00009E2654 /* TheWork1 */;
			targetProxy = 47867BA721B43A01009E2654 /* PBXContainerItemProxy */;
		};
		47867BB321B43A01009E2654 /* PBXTargetDependency */ = {
			isa = PBXTargetDependency;
			target = 47867B9121B43A00009E2654 /* TheWork1 */;
			targetProxy = 47867BB221B43A01009E2654 /* PBXContainerItemProxy */;
		};
/* End PBXTargetDependency section */

/* Begin PBXVariantGroup section */
		47867B9921B43A00009E2654 /* Main.storyboard */ = {
			isa = PBXVariantGroup;
			children = (
				47867B9A21B43A00009E2654 /* Base */,
			);
			name = Main.storyboard;
			sourceTree = "<group>";
		};
		47867B9E21B43A01009E2654 /* LaunchScreen.storyboard */ = {
			isa = PBXVariantGroup;
			children = (
				47867B9F21B43A01009E2654 /* Base */,
			);
			name = LaunchScreen.storyboard;
			sourceTree = "<group>";
		};
/* End PBXVariantGroup section */

/* Begin XCBuildConfiguration section */
		47867BB821B43A01009E2654 /* Debug */ = {
			isa = XCBuildConfiguration;
			buildSettings = {
				ALWAYS_SEARCH_USER_PATHS = NO;
				CLANG_ANALYZER_NONNULL = YES;
				CLANG_ANALYZER_NUMBER_OBJECT_CONVERSION = YES_AGGRESSIVE;
				CLANG_CXX_LANGUAGE_STANDARD = "gnu++14";
				CLANG_CXX_LIBRARY = "libc++";
				CLANG_ENABLE_MODULES = YES;
				CLANG_ENABLE_OBJC_ARC = YES;
				CLANG_ENABLE_OBJC_WEAK = YES;
				CLANG_WARN_BLOCK_CAPTURE_AUTORELEASING = YES;
				CLANG_WARN_BOOL_CONVERSION = YES;
				CLANG_WARN_COMMA = YES;
				CLANG_WARN_CONSTANT_CONVERSION = YES;
				CLANG_WARN_DEPRECATED_OBJC_IMPLEMENTATIONS = YES;
				CLANG_WARN_DIRECT_OBJC_ISA_USAGE = YES_ERROR;
				CLANG_WARN_DOCUMENTATION_COMMENTS = YES;
				CLANG_WARN_EMPTY_BODY = YES;
				CLANG_WARN_ENUM_CONVERSION = YES;
				CLANG_WARN_INFINITE_RECURSION = YES;
				CLANG_WARN_INT_CONVERSION = YES;
				CLANG_WARN_NON_LITERAL_NULL_CONVERSION = YES;
				CLANG_WARN_OBJC_IMPLICIT_RETAIN_SELF = YES;
				CLANG_WARN_OBJC_LITERAL_CONVERSION = YES;
				CLANG_WARN_OBJC_ROOT_CLASS = YES_ERROR;
				CLANG_WARN_RANGE_LOOP_ANALYSIS = YES;
				CLANG_WARN_STRICT_PROTOTYPES = YES;
				CLANG_WARN_SUSPICIOUS_MOVE = YES;
				CLANG_WARN_UNGUARDED_AVAILABILITY = YES_AGGRESSIVE;
				CLANG_WARN_UNREACHABLE_CODE = YES;
				CLANG_WARN__DUPLICATE_METHOD_MATCH = YES;
				CODE_SIGN_IDENTITY = "iPhone Developer";
				COPY_PHASE_STRIP = NO;
				DEBUG_INFORMATION_FORMAT = dwarf;
				ENABLE_STRICT_OBJC_MSGSEND = YES;
				ENABLE_TESTABILITY = YES;
				GCC_C_LANGUAGE_STANDARD = gnu11;
				GCC_DYNAMIC_NO_PIC = NO;
				GCC_NO_COMMON_BLOCKS = YES;
				GCC_OPTIMIZATION_LEVEL = 0;
				GCC_PREPROCESSOR_DEFINITIONS = (
					"DEBUG=1",
					"$(inherited)",
				);
				GCC_WARN_64_TO_32_BIT_CONVERSION = YES;
				GCC_WARN_ABOUT_RETURN_TYPE = YES_ERROR;
				GCC_WARN_UNDECLARED_SELECTOR = YES;
				GCC_WARN_UNINITIALIZED_AUTOS = YES_AGGRESSIVE;
				GCC_WARN_UNUSED_FUNCTION = YES;
				GCC_WARN_UNUSED_VARIABLE = YES;
				IPHONEOS_DEPLOYMENT_TARGET = 12.1;
				MTL_ENABLE_DEBUG_INFO = INCLUDE_SOURCE;
				MTL_FAST_MATH = YES;
				ONLY_ACTIVE_ARCH = YES;
				SDKROOT = iphoneos;
				SWIFT_ACTIVE_COMPILATION_CONDITIONS = DEBUG;
				SWIFT_OPTIMIZATION_LEVEL = "-Onone";
			};
			name = Debug;
		};
		47867BB921B43A01009E2654 /* Release */ = {
			isa = XCBuildConfiguration;
			buildSettings = {
				ALWAYS_SEARCH_USER_PATHS = NO;
				CLANG_ANALYZER_NONNULL = YES;
				CLANG_ANALYZER_NUMBER_OBJECT_CONVERSION = YES_AGGRESSIVE;
				CLANG_CXX_LANGUAGE_STANDARD = "gnu++14";
				CLANG_CXX_LIBRARY = "libc++";
				CLANG_ENABLE_MODULES = YES;
				CLANG_ENABLE_OBJC_ARC = YES;
				CLANG_ENABLE_OBJC_WEAK = YES;
				CLANG_WARN_BLOCK_CAPTURE_AUTORELEASING = YES;
				CLANG_WARN_BOOL_CONVERSION = YES;
				CLANG_WARN_COMMA = YES;
				CLANG_WARN_CONSTANT_CONVERSION = YES;
				CLANG_WARN_DEPRECATED_OBJC_IMPLEMENTATIONS = YES;
				CLANG_WARN_DIRECT_OBJC_ISA_USAGE = YES_ERROR;
				CLANG_WARN_DOCUMENTATION_COMMENTS = YES;
				CLANG_WARN_EMPTY_BODY = YES;
				CLANG_WARN_ENUM_CONVERSION = YES;
				CLANG_WARN_INFINITE_RECURSION = YES;
				CLANG_WARN_INT_CONVERSION = YES;
				CLANG_WARN_NON_LITERAL_NULL_CONVERSION = YES;
				CLANG_WARN_OBJC_IMPLICIT_RETAIN_SELF = YES;
				CLANG_WARN_OBJC_LITERAL_CONVERSION = YES;
				CLANG_WARN_OBJC_ROOT_CLASS = YES_ERROR;
				CLANG_WARN_RANGE_LOOP_ANALYSIS = YES;
				CLANG_WARN_STRICT_PROTOTYPES = YES;
				CLANG_WARN_SUSPICIOUS_MOVE = YES;
				CLANG_WARN_UNGUARDED_AVAILABILITY = YES_AGGRESSIVE;
				CLANG_WARN_UNREACHABLE_CODE = YES;
				CLANG_WARN__DUPLICATE_METHOD_MATCH = YES;
				CODE_SIGN_IDENTITY = "iPhone Developer";
				COPY_PHASE_STRIP = NO;
				DEBUG_INFORMATION_FORMAT = "dwarf-with-dsym";
				ENABLE_NS_ASSERTIONS = NO;
				ENABLE_STRICT_OBJC_MSGSEND = YES;
				GCC_C_LANGUAGE_STANDARD = gnu11;
				GCC_NO_COMMON_BLOCKS = YES;
				GCC_WARN_64_TO_32_BIT_CONVERSION = YES;
				GCC_WARN_ABOUT_RETURN_TYPE = YES_ERROR;
				GCC_WARN_UNDECLARED_SELECTOR = YES;
				GCC_WARN_UNINITIALIZED_AUTOS = YES_AGGRESSIVE;
				GCC_WARN_UNUSED_FUNCTION = YES;
				GCC_WARN_UNUSED_VARIABLE = YES;
				IPHONEOS_DEPLOYMENT_TARGET = 12.1;
				MTL_ENABLE_DEBUG_INFO = NO;
				MTL_FAST_MATH = YES;
				SDKROOT = iphoneos;
				SWIFT_COMPILATION_MODE = wholemodule;
				SWIFT_OPTIMIZATION_LEVEL = "-O";
				VALIDATE_PRODUCT = YES;
			};
			name = Release;
		};
		47867BBB21B43A01009E2654 /* Debug */ = {
			isa = XCBuildConfiguration;
			baseConfigurationReference = 2C92F5C4D6848914DF93ECFD /* Pods-TheWork1.debug.xcconfig */;
			buildSettings = {
				ASSETCATALOG_COMPILER_APPICON_NAME = AppIcon;
				CODE_SIGN_STYLE = Automatic;
				DEVELOPMENT_TEAM = 84823D2624;
				INFOPLIST_FILE = TheWork1/Info.plist;
				LD_RUNPATH_SEARCH_PATHS = (
					"$(inherited)",
					"@executable_path/Frameworks",
				);
				PRODUCT_BUNDLE_IDENTIFIER = jp.ac.hal.osaka.TheWork1;
				PRODUCT_NAME = "$(TARGET_NAME)";
				SWIFT_VERSION = 4.2;
				TARGETED_DEVICE_FAMILY = "1,2";
			};
			name = Debug;
		};
		47867BBC21B43A01009E2654 /* Release */ = {
			isa = XCBuildConfiguration;
			baseConfigurationReference = DE8ED98FEC00F9AB820D20E8 /* Pods-TheWork1.release.xcconfig */;
			buildSettings = {
				ASSETCATALOG_COMPILER_APPICON_NAME = AppIcon;
				CODE_SIGN_STYLE = Automatic;
				DEVELOPMENT_TEAM = 84823D2624;
				INFOPLIST_FILE = TheWork1/Info.plist;
				LD_RUNPATH_SEARCH_PATHS = (
					"$(inherited)",
					"@executable_path/Frameworks",
				);
				PRODUCT_BUNDLE_IDENTIFIER = jp.ac.hal.osaka.TheWork1;
				PRODUCT_NAME = "$(TARGET_NAME)";
				SWIFT_VERSION = 4.2;
				TARGETED_DEVICE_FAMILY = "1,2";
			};
			name = Release;
		};
		47867BBE21B43A01009E2654 /* Debug */ = {
			isa = XCBuildConfiguration;
			buildSettings = {
				ALWAYS_EMBED_SWIFT_STANDARD_LIBRARIES = YES;
				BUNDLE_LOADER = "$(TEST_HOST)";
				CODE_SIGN_STYLE = Automatic;
				INFOPLIST_FILE = TheWork1Tests/Info.plist;
				LD_RUNPATH_SEARCH_PATHS = (
					"$(inherited)",
					"@executable_path/Frameworks",
					"@loader_path/Frameworks",
				);
				PRODUCT_BUNDLE_IDENTIFIER = jp.ac.hal.osaka.TheWork1Tests;
				PRODUCT_NAME = "$(TARGET_NAME)";
				SWIFT_VERSION = 4.2;
				TARGETED_DEVICE_FAMILY = "1,2";
				TEST_HOST = "$(BUILT_PRODUCTS_DIR)/TheWork1.app/TheWork1";
			};
			name = Debug;
		};
		47867BBF21B43A01009E2654 /* Release */ = {
			isa = XCBuildConfiguration;
			buildSettings = {
				ALWAYS_EMBED_SWIFT_STANDARD_LIBRARIES = YES;
				BUNDLE_LOADER = "$(TEST_HOST)";
				CODE_SIGN_STYLE = Automatic;
				INFOPLIST_FILE = TheWork1Tests/Info.plist;
				LD_RUNPATH_SEARCH_PATHS = (
					"$(inherited)",
					"@executable_path/Frameworks",
					"@loader_path/Frameworks",
				);
				PRODUCT_BUNDLE_IDENTIFIER = jp.ac.hal.osaka.TheWork1Tests;
				PRODUCT_NAME = "$(TARGET_NAME)";
				SWIFT_VERSION = 4.2;
				TARGETED_DEVICE_FAMILY = "1,2";
				TEST_HOST = "$(BUILT_PRODUCTS_DIR)/TheWork1.app/TheWork1";
			};
			name = Release;
		};
		47867BC121B43A01009E2654 /* Debug */ = {
			isa = XCBuildConfiguration;
			buildSettings = {
				ALWAYS_EMBED_SWIFT_STANDARD_LIBRARIES = YES;
				CODE_SIGN_STYLE = Automatic;
				INFOPLIST_FILE = TheWork1UITests/Info.plist;
				LD_RUNPATH_SEARCH_PATHS = (
					"$(inherited)",
					"@executable_path/Frameworks",
					"@loader_path/Frameworks",
				);
				PRODUCT_BUNDLE_IDENTIFIER = jp.ac.hal.osaka.TheWork1UITests;
				PRODUCT_NAME = "$(TARGET_NAME)";
				SWIFT_VERSION = 4.2;
				TARGETED_DEVICE_FAMILY = "1,2";
				TEST_TARGET_NAME = TheWork1;
			};
			name = Debug;
		};
		47867BC221B43A01009E2654 /* Release */ = {
			isa = XCBuildConfiguration;
			buildSettings = {
				ALWAYS_EMBED_SWIFT_STANDARD_LIBRARIES = YES;
				CODE_SIGN_STYLE = Automatic;
				INFOPLIST_FILE = TheWork1UITests/Info.plist;
				LD_RUNPATH_SEARCH_PATHS = (
					"$(inherited)",
					"@executable_path/Frameworks",
					"@loader_path/Frameworks",
				);
				PRODUCT_BUNDLE_IDENTIFIER = jp.ac.hal.osaka.TheWork1UITests;
				PRODUCT_NAME = "$(TARGET_NAME)";
				SWIFT_VERSION = 4.2;
				TARGETED_DEVICE_FAMILY = "1,2";
				TEST_TARGET_NAME = TheWork1;
			};
			name = Release;
		};
/* End XCBuildConfiguration section */

/* Begin XCConfigurationList section */
		47867B8D21B43A00009E2654 /* Build configuration list for PBXProject "TheWork1" */ = {
			isa = XCConfigurationList;
			buildConfigurations = (
				47867BB821B43A01009E2654 /* Debug */,
				47867BB921B43A01009E2654 /* Release */,
			);
			defaultConfigurationIsVisible = 0;
			defaultConfigurationName = Release;
		};
		47867BBA21B43A01009E2654 /* Build configuration list for PBXNativeTarget "TheWork1" */ = {
			isa = XCConfigurationList;
			buildConfigurations = (
				47867BBB21B43A01009E2654 /* Debug */,
				47867BBC21B43A01009E2654 /* Release */,
			);
			defaultConfigurationIsVisible = 0;
			defaultConfigurationName = Release;
		};
		47867BBD21B43A01009E2654 /* Build configuration list for PBXNativeTarget "TheWork1Tests" */ = {
			isa = XCConfigurationList;
			buildConfigurations = (
				47867BBE21B43A01009E2654 /* Debug */,
				47867BBF21B43A01009E2654 /* Release */,
			);
			defaultConfigurationIsVisible = 0;
			defaultConfigurationName = Release;
		};
		47867BC021B43A01009E2654 /* Build configuration list for PBXNativeTarget "TheWork1UITests" */ = {
			isa = XCConfigurationList;
			buildConfigurations = (
				47867BC121B43A01009E2654 /* Debug */,
				47867BC221B43A01009E2654 /* Release */,
			);
			defaultConfigurationIsVisible = 0;
			defaultConfigurationName = Release;
		};
/* End XCConfigurationList section */
	};
	rootObject = 47867B8A21B43A00009E2654 /* Project object */;
}
